// !$*UTF8*$!
{
	archiveVersion = 1;
	classes = {
	};
	objectVersion = 50;
	objects = {

/* Begin PBXBuildFile section */
		0C35B724228D49180015BFF6 /* AppDelegate.swift in Sources */ = {isa = PBXBuildFile; fileRef = 0C35B723228D49180015BFF6 /* AppDelegate.swift */; };
		0C35B728228D49180015BFF6 /* SecondViewController.swift in Sources */ = {isa = PBXBuildFile; fileRef = 0C35B727228D49180015BFF6 /* SecondViewController.swift */; };
		0C35B72B228D49180015BFF6 /* Main.storyboard in Resources */ = {isa = PBXBuildFile; fileRef = 0C35B729228D49180015BFF6 /* Main.storyboard */; };
		0C35B72D228D49190015BFF6 /* Assets.xcassets in Resources */ = {isa = PBXBuildFile; fileRef = 0C35B72C228D49190015BFF6 /* Assets.xcassets */; };
		0C35B730228D49190015BFF6 /* LaunchScreen.storyboard in Resources */ = {isa = PBXBuildFile; fileRef = 0C35B72E228D49190015BFF6 /* LaunchScreen.storyboard */; };
		0C35B73B228D491A0015BFF6 /* FK_MotionTests.swift in Sources */ = {isa = PBXBuildFile; fileRef = 0C35B73A228D491A0015BFF6 /* FK_MotionTests.swift */; };
		0C35B746228D491A0015BFF6 /* FK_MotionUITests.swift in Sources */ = {isa = PBXBuildFile; fileRef = 0C35B745228D491A0015BFF6 /* FK_MotionUITests.swift */; };
		0C35B754228D4FC70015BFF6 /* FK Logga.png in Resources */ = {isa = PBXBuildFile; fileRef = 0C35B753228D4FC60015BFF6 /* FK Logga.png */; };
		0C35B756228D503D0015BFF6 /* MyPageViewController.swift in Sources */ = {isa = PBXBuildFile; fileRef = 0C35B755228D503D0015BFF6 /* MyPageViewController.swift */; };
		0C35B758228D52BC0015BFF6 /* TableElement.swift in Sources */ = {isa = PBXBuildFile; fileRef = 0C35B757228D52BC0015BFF6 /* TableElement.swift */; };
		0C35B75A228D53E10015BFF6 /* TableElementStore.swift in Sources */ = {isa = PBXBuildFile; fileRef = 0C35B759228D53E10015BFF6 /* TableElementStore.swift */; };
		0C35B75F228D78780015BFF6 /* StegCounterController.swift in Sources */ = {isa = PBXBuildFile; fileRef = 0C35B75E228D78780015BFF6 /* StegCounterController.swift */; };
		0C35B761228D7AE80015BFF6 /* Item.swift in Sources */ = {isa = PBXBuildFile; fileRef = 0C35B760228D7AE80015BFF6 /* Item.swift */; };
		0C35B763228DA7BB0015BFF6 /* RestSimulator.swift in Sources */ = {isa = PBXBuildFile; fileRef = 0C35B762228DA7BB0015BFF6 /* RestSimulator.swift */; };
		0C35B765228DAB670015BFF6 /* LeaderBoardSimulator.swift in Sources */ = {isa = PBXBuildFile; fileRef = 0C35B764228DAB670015BFF6 /* LeaderBoardSimulator.swift */; };
		0C731D8D228EB7EB00F439DB /* Val.png in Resources */ = {isa = PBXBuildFile; fileRef = 0C731D8C228EB7EA00F439DB /* Val.png */; };
		0C9E4759228DC621009FCB6D /* icons8-person-64.png in Resources */ = {isa = PBXBuildFile; fileRef = 0C9E4758228DC621009FCB6D /* icons8-person-64.png */; };
		D5B78473228DAC2600E7FA63 /* user.jpeg in Resources */ = {isa = PBXBuildFile; fileRef = D5B78472228DAC2000E7FA63 /* user.jpeg */; };
		D5B78475228DAC9B00E7FA63 /* usersmall.jpeg in Resources */ = {isa = PBXBuildFile; fileRef = D5B78474228DAC9B00E7FA63 /* usersmall.jpeg */; };
		D5B7847B228DB4BC00E7FA63 /* icons8-leaderboard-filled-50.png in Resources */ = {isa = PBXBuildFile; fileRef = D5B7847A228DB4BC00E7FA63 /* icons8-leaderboard-filled-50.png */; };
		D5BDBA5B228EC43E009F28F3 /* titelLeaderboard.png in Resources */ = {isa = PBXBuildFile; fileRef = D5BDBA5A228EC43E009F28F3 /* titelLeaderboard.png */; };
		D5BDBA5D228EC622009F28F3 /* titelLeaderboard2.png in Resources */ = {isa = PBXBuildFile; fileRef = D5BDBA5C228EC622009F28F3 /* titelLeaderboard2.png */; };
		D5BDBA5F228EC838009F28F3 /* titleLeaderBoard3.png in Resources */ = {isa = PBXBuildFile; fileRef = D5BDBA5E228EC838009F28F3 /* titleLeaderBoard3.png */; };
		D5BDBA61228EC8E2009F28F3 /* titleLeaderboard4.png in Resources */ = {isa = PBXBuildFile; fileRef = D5BDBA60228EC8E2009F28F3 /* titleLeaderboard4.png */; };
/* End PBXBuildFile section */

/* Begin PBXContainerItemProxy section */
		0C35B737228D491A0015BFF6 /* PBXContainerItemProxy */ = {
			isa = PBXContainerItemProxy;
			containerPortal = 0C35B718228D49180015BFF6 /* Project object */;
			proxyType = 1;
			remoteGlobalIDString = 0C35B71F228D49180015BFF6;
			remoteInfo = "FK Motion";
		};
		0C35B742228D491A0015BFF6 /* PBXContainerItemProxy */ = {
			isa = PBXContainerItemProxy;
			containerPortal = 0C35B718228D49180015BFF6 /* Project object */;
			proxyType = 1;
			remoteGlobalIDString = 0C35B71F228D49180015BFF6;
			remoteInfo = "FK Motion";
		};
/* End PBXContainerItemProxy section */

/* Begin PBXFileReference section */
		0C35B720228D49180015BFF6 /* FK Motion.app */ = {isa = PBXFileReference; explicitFileType = wrapper.application; includeInIndex = 0; path = "FK Motion.app"; sourceTree = BUILT_PRODUCTS_DIR; };
		0C35B723228D49180015BFF6 /* AppDelegate.swift */ = {isa = PBXFileReference; lastKnownFileType = sourcecode.swift; path = AppDelegate.swift; sourceTree = "<group>"; };
		0C35B727228D49180015BFF6 /* SecondViewController.swift */ = {isa = PBXFileReference; lastKnownFileType = sourcecode.swift; path = SecondViewController.swift; sourceTree = "<group>"; };
		0C35B72A228D49180015BFF6 /* Base */ = {isa = PBXFileReference; lastKnownFileType = file.storyboard; name = Base; path = Base.lproj/Main.storyboard; sourceTree = "<group>"; };
		0C35B72C228D49190015BFF6 /* Assets.xcassets */ = {isa = PBXFileReference; lastKnownFileType = folder.assetcatalog; path = Assets.xcassets; sourceTree = "<group>"; };
		0C35B72F228D49190015BFF6 /* Base */ = {isa = PBXFileReference; lastKnownFileType = file.storyboard; name = Base; path = Base.lproj/LaunchScreen.storyboard; sourceTree = "<group>"; };
		0C35B731228D49190015BFF6 /* Info.plist */ = {isa = PBXFileReference; lastKnownFileType = text.plist.xml; path = Info.plist; sourceTree = "<group>"; };
		0C35B736228D491A0015BFF6 /* FK MotionTests.xctest */ = {isa = PBXFileReference; explicitFileType = wrapper.cfbundle; includeInIndex = 0; path = "FK MotionTests.xctest"; sourceTree = BUILT_PRODUCTS_DIR; };
		0C35B73A228D491A0015BFF6 /* FK_MotionTests.swift */ = {isa = PBXFileReference; lastKnownFileType = sourcecode.swift; path = FK_MotionTests.swift; sourceTree = "<group>"; };
		0C35B73C228D491A0015BFF6 /* Info.plist */ = {isa = PBXFileReference; lastKnownFileType = text.plist.xml; path = Info.plist; sourceTree = "<group>"; };
		0C35B741228D491A0015BFF6 /* FK MotionUITests.xctest */ = {isa = PBXFileReference; explicitFileType = wrapper.cfbundle; includeInIndex = 0; path = "FK MotionUITests.xctest"; sourceTree = BUILT_PRODUCTS_DIR; };
		0C35B745228D491A0015BFF6 /* FK_MotionUITests.swift */ = {isa = PBXFileReference; lastKnownFileType = sourcecode.swift; path = FK_MotionUITests.swift; sourceTree = "<group>"; };
		0C35B747228D491A0015BFF6 /* Info.plist */ = {isa = PBXFileReference; lastKnownFileType = text.plist.xml; path = Info.plist; sourceTree = "<group>"; };
		0C35B753228D4FC60015BFF6 /* FK Logga.png */ = {isa = PBXFileReference; lastKnownFileType = image.png; name = "FK Logga.png"; path = "Image/FK Logga.png"; sourceTree = SOURCE_ROOT; };
		0C35B755228D503D0015BFF6 /* MyPageViewController.swift */ = {isa = PBXFileReference; lastKnownFileType = sourcecode.swift; path = MyPageViewController.swift; sourceTree = "<group>"; };
		0C35B757228D52BC0015BFF6 /* TableElement.swift */ = {isa = PBXFileReference; lastKnownFileType = sourcecode.swift; path = TableElement.swift; sourceTree = "<group>"; };
		0C35B759228D53E10015BFF6 /* TableElementStore.swift */ = {isa = PBXFileReference; lastKnownFileType = sourcecode.swift; path = TableElementStore.swift; sourceTree = "<group>"; };
		0C35B75E228D78780015BFF6 /* StegCounterController.swift */ = {isa = PBXFileReference; lastKnownFileType = sourcecode.swift; path = StegCounterController.swift; sourceTree = "<group>"; };
		0C35B760228D7AE80015BFF6 /* Item.swift */ = {isa = PBXFileReference; lastKnownFileType = sourcecode.swift; path = Item.swift; sourceTree = "<group>"; };
		0C35B762228DA7BB0015BFF6 /* RestSimulator.swift */ = {isa = PBXFileReference; lastKnownFileType = sourcecode.swift; path = RestSimulator.swift; sourceTree = "<group>"; };
		0C35B764228DAB670015BFF6 /* LeaderBoardSimulator.swift */ = {isa = PBXFileReference; lastKnownFileType = sourcecode.swift; path = LeaderBoardSimulator.swift; sourceTree = "<group>"; };
		0C731D8C228EB7EA00F439DB /* Val.png */ = {isa = PBXFileReference; lastKnownFileType = image.png; path = Val.png; sourceTree = "<group>"; };
		0C9E4758228DC621009FCB6D /* icons8-person-64.png */ = {isa = PBXFileReference; lastKnownFileType = image.png; path = "icons8-person-64.png"; sourceTree = "<group>"; };
		D5B78472228DAC2000E7FA63 /* user.jpeg */ = {isa = PBXFileReference; lastKnownFileType = image.jpeg; path = user.jpeg; sourceTree = "<group>"; };
		D5B78474228DAC9B00E7FA63 /* usersmall.jpeg */ = {isa = PBXFileReference; lastKnownFileType = image.jpeg; path = usersmall.jpeg; sourceTree = "<group>"; };
		D5B7847A228DB4BC00E7FA63 /* icons8-leaderboard-filled-50.png */ = {isa = PBXFileReference; lastKnownFileType = image.png; path = "icons8-leaderboard-filled-50.png"; sourceTree = "<group>"; };
		D5BDBA5A228EC43E009F28F3 /* titelLeaderboard.png */ = {isa = PBXFileReference; lastKnownFileType = image.png; path = titelLeaderboard.png; sourceTree = "<group>"; };
		D5BDBA5C228EC622009F28F3 /* titelLeaderboard2.png */ = {isa = PBXFileReference; lastKnownFileType = image.png; path = titelLeaderboard2.png; sourceTree = "<group>"; };
		D5BDBA5E228EC838009F28F3 /* titleLeaderBoard3.png */ = {isa = PBXFileReference; lastKnownFileType = image.png; path = titleLeaderBoard3.png; sourceTree = "<group>"; };
		D5BDBA60228EC8E2009F28F3 /* titleLeaderboard4.png */ = {isa = PBXFileReference; lastKnownFileType = image.png; path = titleLeaderboard4.png; sourceTree = "<group>"; };
/* End PBXFileReference section */

/* Begin PBXFrameworksBuildPhase section */
		0C35B71D228D49180015BFF6 /* Frameworks */ = {
			isa = PBXFrameworksBuildPhase;
			buildActionMask = 2147483647;
			files = (
			);
			runOnlyForDeploymentPostprocessing = 0;
		};
		0C35B733228D491A0015BFF6 /* Frameworks */ = {
			isa = PBXFrameworksBuildPhase;
			buildActionMask = 2147483647;
			files = (
			);
			runOnlyForDeploymentPostprocessing = 0;
		};
		0C35B73E228D491A0015BFF6 /* Frameworks */ = {
			isa = PBXFrameworksBuildPhase;
			buildActionMask = 2147483647;
			files = (
			);
			runOnlyForDeploymentPostprocessing = 0;
		};
/* End PBXFrameworksBuildPhase section */

/* Begin PBXGroup section */
		0C35B717228D49180015BFF6 = {
			isa = PBXGroup;
			children = (
				0C35B722228D49180015BFF6 /* FK Motion */,
				0C35B739228D491A0015BFF6 /* FK MotionTests */,
				0C35B744228D491A0015BFF6 /* FK MotionUITests */,
				0C35B721228D49180015BFF6 /* Products */,
			);
			sourceTree = "<group>";
		};
		0C35B721228D49180015BFF6 /* Products */ = {
			isa = PBXGroup;
			children = (
				0C35B720228D49180015BFF6 /* FK Motion.app */,
				0C35B736228D491A0015BFF6 /* FK MotionTests.xctest */,
				0C35B741228D491A0015BFF6 /* FK MotionUITests.xctest */,
			);
			name = Products;
			sourceTree = "<group>";
		};
		0C35B722228D49180015BFF6 /* FK Motion */ = {
			isa = PBXGroup;
			children = (
				0C731D8C228EB7EA00F439DB /* Val.png */,
				D5B7847A228DB4BC00E7FA63 /* icons8-leaderboard-filled-50.png */,
				D5B78474228DAC9B00E7FA63 /* usersmall.jpeg */,
				D5B78472228DAC2000E7FA63 /* user.jpeg */,
				0C35B723228D49180015BFF6 /* AppDelegate.swift */,
				0C35B762228DA7BB0015BFF6 /* RestSimulator.swift */,
				0C35B764228DAB670015BFF6 /* LeaderBoardSimulator.swift */,
				0C35B727228D49180015BFF6 /* SecondViewController.swift */,
				0C35B729228D49180015BFF6 /* Main.storyboard */,
				0C35B759228D53E10015BFF6 /* TableElementStore.swift */,
				0C35B757228D52BC0015BFF6 /* TableElement.swift */,
				0C35B760228D7AE80015BFF6 /* Item.swift */,
				0C35B72C228D49190015BFF6 /* Assets.xcassets */,
				0C9E4758228DC621009FCB6D /* icons8-person-64.png */,
				0C35B72E228D49190015BFF6 /* LaunchScreen.storyboard */,
				0C35B755228D503D0015BFF6 /* MyPageViewController.swift */,
				0C35B75E228D78780015BFF6 /* StegCounterController.swift */,
				0C35B753228D4FC60015BFF6 /* FK Logga.png */,
				0C35B731228D49190015BFF6 /* Info.plist */,
				D5BDBA5A228EC43E009F28F3 /* titelLeaderboard.png */,
				D5BDBA5C228EC622009F28F3 /* titelLeaderboard2.png */,
				D5BDBA5E228EC838009F28F3 /* titleLeaderBoard3.png */,
				D5BDBA60228EC8E2009F28F3 /* titleLeaderboard4.png */,
			);
			path = "FK Motion";
			sourceTree = "<group>";
		};
		0C35B739228D491A0015BFF6 /* FK MotionTests */ = {
			isa = PBXGroup;
			children = (
				0C35B73A228D491A0015BFF6 /* FK_MotionTests.swift */,
				0C35B73C228D491A0015BFF6 /* Info.plist */,
			);
			path = "FK MotionTests";
			sourceTree = "<group>";
		};
		0C35B744228D491A0015BFF6 /* FK MotionUITests */ = {
			isa = PBXGroup;
			children = (
				0C35B745228D491A0015BFF6 /* FK_MotionUITests.swift */,
				0C35B747228D491A0015BFF6 /* Info.plist */,
			);
			path = "FK MotionUITests";
			sourceTree = "<group>";
		};
/* End PBXGroup section */

/* Begin PBXNativeTarget section */
		0C35B71F228D49180015BFF6 /* FK Motion */ = {
			isa = PBXNativeTarget;
			buildConfigurationList = 0C35B74A228D491A0015BFF6 /* Build configuration list for PBXNativeTarget "FK Motion" */;
			buildPhases = (
				0C35B71C228D49180015BFF6 /* Sources */,
				0C35B71D228D49180015BFF6 /* Frameworks */,
				0C35B71E228D49180015BFF6 /* Resources */,
			);
			buildRules = (
			);
			dependencies = (
			);
			name = "FK Motion";
			productName = "FK Motion";
			productReference = 0C35B720228D49180015BFF6 /* FK Motion.app */;
			productType = "com.apple.product-type.application";
		};
		0C35B735228D491A0015BFF6 /* FK MotionTests */ = {
			isa = PBXNativeTarget;
			buildConfigurationList = 0C35B74D228D491A0015BFF6 /* Build configuration list for PBXNativeTarget "FK MotionTests" */;
			buildPhases = (
				0C35B732228D491A0015BFF6 /* Sources */,
				0C35B733228D491A0015BFF6 /* Frameworks */,
				0C35B734228D491A0015BFF6 /* Resources */,
			);
			buildRules = (
			);
			dependencies = (
				0C35B738228D491A0015BFF6 /* PBXTargetDependency */,
			);
			name = "FK MotionTests";
			productName = "FK MotionTests";
			productReference = 0C35B736228D491A0015BFF6 /* FK MotionTests.xctest */;
			productType = "com.apple.product-type.bundle.unit-test";
		};
		0C35B740228D491A0015BFF6 /* FK MotionUITests */ = {
			isa = PBXNativeTarget;
			buildConfigurationList = 0C35B750228D491A0015BFF6 /* Build configuration list for PBXNativeTarget "FK MotionUITests" */;
			buildPhases = (
				0C35B73D228D491A0015BFF6 /* Sources */,
				0C35B73E228D491A0015BFF6 /* Frameworks */,
				0C35B73F228D491A0015BFF6 /* Resources */,
			);
			buildRules = (
			);
			dependencies = (
				0C35B743228D491A0015BFF6 /* PBXTargetDependency */,
			);
			name = "FK MotionUITests";
			productName = "FK MotionUITests";
			productReference = 0C35B741228D491A0015BFF6 /* FK MotionUITests.xctest */;
			productType = "com.apple.product-type.bundle.ui-testing";
		};
/* End PBXNativeTarget section */

/* Begin PBXProject section */
		0C35B718228D49180015BFF6 /* Project object */ = {
			isa = PBXProject;
			attributes = {
				LastSwiftUpdateCheck = 1020;
				LastUpgradeCheck = 1020;
				ORGANIZATIONNAME = SuperNova;
				TargetAttributes = {
					0C35B71F228D49180015BFF6 = {
						CreatedOnToolsVersion = 10.2.1;
					};
					0C35B735228D491A0015BFF6 = {
						CreatedOnToolsVersion = 10.2.1;
						TestTargetID = 0C35B71F228D49180015BFF6;
					};
					0C35B740228D491A0015BFF6 = {
						CreatedOnToolsVersion = 10.2.1;
						TestTargetID = 0C35B71F228D49180015BFF6;
					};
				};
			};
			buildConfigurationList = 0C35B71B228D49180015BFF6 /* Build configuration list for PBXProject "FK Motion" */;
			compatibilityVersion = "Xcode 9.3";
			developmentRegion = en;
			hasScannedForEncodings = 0;
			knownRegions = (
				en,
				Base,
			);
			mainGroup = 0C35B717228D49180015BFF6;
			productRefGroup = 0C35B721228D49180015BFF6 /* Products */;
			projectDirPath = "";
			projectRoot = "";
			targets = (
				0C35B71F228D49180015BFF6 /* FK Motion */,
				0C35B735228D491A0015BFF6 /* FK MotionTests */,
				0C35B740228D491A0015BFF6 /* FK MotionUITests */,
			);
		};
/* End PBXProject section */

/* Begin PBXResourcesBuildPhase section */
		0C35B71E228D49180015BFF6 /* Resources */ = {
			isa = PBXResourcesBuildPhase;
			buildActionMask = 2147483647;
			files = (
				0C731D8D228EB7EB00F439DB /* Val.png in Resources */,
				D5B7847B228DB4BC00E7FA63 /* icons8-leaderboard-filled-50.png in Resources */,
				D5BDBA5B228EC43E009F28F3 /* titelLeaderboard.png in Resources */,
				0C35B730228D49190015BFF6 /* LaunchScreen.storyboard in Resources */,
				0C35B72D228D49190015BFF6 /* Assets.xcassets in Resources */,
				D5B78475228DAC9B00E7FA63 /* usersmall.jpeg in Resources */,
				D5BDBA5F228EC838009F28F3 /* titleLeaderBoard3.png in Resources */,
				0C35B754228D4FC70015BFF6 /* FK Logga.png in Resources */,
				D5BDBA5D228EC622009F28F3 /* titelLeaderboard2.png in Resources */,
				D5BDBA61228EC8E2009F28F3 /* titleLeaderboard4.png in Resources */,
				0C35B72B228D49180015BFF6 /* Main.storyboard in Resources */,
				0C9E4759228DC621009FCB6D /* icons8-person-64.png in Resources */,
				D5B78473228DAC2600E7FA63 /* user.jpeg in Resources */,
			);
			runOnlyForDeploymentPostprocessing = 0;
		};
		0C35B734228D491A0015BFF6 /* Resources */ = {
			isa = PBXResourcesBuildPhase;
			buildActionMask = 2147483647;
			files = (
			);
			runOnlyForDeploymentPostprocessing = 0;
		};
		0C35B73F228D491A0015BFF6 /* Resources */ = {
			isa = PBXResourcesBuildPhase;
			buildActionMask = 2147483647;
			files = (
			);
			runOnlyForDeploymentPostprocessing = 0;
		};
/* End PBXResourcesBuildPhase section */

/* Begin PBXSourcesBuildPhase section */
		0C35B71C228D49180015BFF6 /* Sources */ = {
			isa = PBXSourcesBuildPhase;
			buildActionMask = 2147483647;
			files = (
				0C35B728228D49180015BFF6 /* SecondViewController.swift in Sources */,
				0C35B724228D49180015BFF6 /* AppDelegate.swift in Sources */,
				0C35B765228DAB670015BFF6 /* LeaderBoardSimulator.swift in Sources */,
				0C35B756228D503D0015BFF6 /* MyPageViewController.swift in Sources */,
				0C35B758228D52BC0015BFF6 /* TableElement.swift in Sources */,
				0C35B763228DA7BB0015BFF6 /* RestSimulator.swift in Sources */,
				0C35B761228D7AE80015BFF6 /* Item.swift in Sources */,
				0C35B75A228D53E10015BFF6 /* TableElementStore.swift in Sources */,
				0C35B75F228D78780015BFF6 /* StegCounterController.swift in Sources */,
			);
			runOnlyForDeploymentPostprocessing = 0;
		};
		0C35B732228D491A0015BFF6 /* Sources */ = {
			isa = PBXSourcesBuildPhase;
			buildActionMask = 2147483647;
			files = (
				0C35B73B228D491A0015BFF6 /* FK_MotionTests.swift in Sources */,
			);
			runOnlyForDeploymentPostprocessing = 0;
		};
		0C35B73D228D491A0015BFF6 /* Sources */ = {
			isa = PBXSourcesBuildPhase;
			buildActionMask = 2147483647;
			files = (
				0C35B746228D491A0015BFF6 /* FK_MotionUITests.swift in Sources */,
			);
			runOnlyForDeploymentPostprocessing = 0;
		};
/* End PBXSourcesBuildPhase section */

/* Begin PBXTargetDependency section */
		0C35B738228D491A0015BFF6 /* PBXTargetDependency */ = {
			isa = PBXTargetDependency;
			target = 0C35B71F228D49180015BFF6 /* FK Motion */;
			targetProxy = 0C35B737228D491A0015BFF6 /* PBXContainerItemProxy */;
		};
		0C35B743228D491A0015BFF6 /* PBXTargetDependency */ = {
			isa = PBXTargetDependency;
			target = 0C35B71F228D49180015BFF6 /* FK Motion */;
			targetProxy = 0C35B742228D491A0015BFF6 /* PBXContainerItemProxy */;
		};
/* End PBXTargetDependency section */

/* Begin PBXVariantGroup section */
		0C35B729228D49180015BFF6 /* Main.storyboard */ = {
			isa = PBXVariantGroup;
			children = (
				0C35B72A228D49180015BFF6 /* Base */,
			);
			name = Main.storyboard;
			sourceTree = "<group>";
		};
		0C35B72E228D49190015BFF6 /* LaunchScreen.storyboard */ = {
			isa = PBXVariantGroup;
			children = (
				0C35B72F228D49190015BFF6 /* Base */,
			);
			name = LaunchScreen.storyboard;
			sourceTree = "<group>";
		};
/* End PBXVariantGroup section */

/* Begin XCBuildConfiguration section */
		0C35B748228D491A0015BFF6 /* Debug */ = {
			isa = XCBuildConfiguration;
			buildSettings = {
				ALWAYS_SEARCH_USER_PATHS = NO;
				CLANG_ANALYZER_NONNULL = YES;
				CLANG_ANALYZER_NUMBER_OBJECT_CONVERSION = YES_AGGRESSIVE;
				CLANG_CXX_LANGUAGE_STANDARD = "gnu++14";
				CLANG_CXX_LIBRARY = "libc++";
				CLANG_ENABLE_MODULES = YES;
				CLANG_ENABLE_OBJC_ARC = YES;
				CLANG_ENABLE_OBJC_WEAK = YES;
				CLANG_WARN_BLOCK_CAPTURE_AUTORELEASING = YES;
				CLANG_WARN_BOOL_CONVERSION = YES;
				CLANG_WARN_COMMA = YES;
				CLANG_WARN_CONSTANT_CONVERSION = YES;
				CLANG_WARN_DEPRECATED_OBJC_IMPLEMENTATIONS = YES;
				CLANG_WARN_DIRECT_OBJC_ISA_USAGE = YES_ERROR;
				CLANG_WARN_DOCUMENTATION_COMMENTS = YES;
				CLANG_WARN_EMPTY_BODY = YES;
				CLANG_WARN_ENUM_CONVERSION = YES;
				CLANG_WARN_INFINITE_RECURSION = YES;
				CLANG_WARN_INT_CONVERSION = YES;
				CLANG_WARN_NON_LITERAL_NULL_CONVERSION = YES;
				CLANG_WARN_OBJC_IMPLICIT_RETAIN_SELF = YES;
				CLANG_WARN_OBJC_LITERAL_CONVERSION = YES;
				CLANG_WARN_OBJC_ROOT_CLASS = YES_ERROR;
				CLANG_WARN_RANGE_LOOP_ANALYSIS = YES;
				CLANG_WARN_STRICT_PROTOTYPES = YES;
				CLANG_WARN_SUSPICIOUS_MOVE = YES;
				CLANG_WARN_UNGUARDED_AVAILABILITY = YES_AGGRESSIVE;
				CLANG_WARN_UNREACHABLE_CODE = YES;
				CLANG_WARN__DUPLICATE_METHOD_MATCH = YES;
				CODE_SIGN_IDENTITY = "iPhone Developer";
				COPY_PHASE_STRIP = NO;
				DEBUG_INFORMATION_FORMAT = dwarf;
				ENABLE_STRICT_OBJC_MSGSEND = YES;
				ENABLE_TESTABILITY = YES;
				GCC_C_LANGUAGE_STANDARD = gnu11;
				GCC_DYNAMIC_NO_PIC = NO;
				GCC_NO_COMMON_BLOCKS = YES;
				GCC_OPTIMIZATION_LEVEL = 0;
				GCC_PREPROCESSOR_DEFINITIONS = (
					"DEBUG=1",
					"$(inherited)",
				);
				GCC_WARN_64_TO_32_BIT_CONVERSION = YES;
				GCC_WARN_ABOUT_RETURN_TYPE = YES_ERROR;
				GCC_WARN_UNDECLARED_SELECTOR = YES;
				GCC_WARN_UNINITIALIZED_AUTOS = YES_AGGRESSIVE;
				GCC_WARN_UNUSED_FUNCTION = YES;
				GCC_WARN_UNUSED_VARIABLE = YES;
				IPHONEOS_DEPLOYMENT_TARGET = 12.2;
				MTL_ENABLE_DEBUG_INFO = INCLUDE_SOURCE;
				MTL_FAST_MATH = YES;
				ONLY_ACTIVE_ARCH = YES;
				SDKROOT = iphoneos;
				SWIFT_ACTIVE_COMPILATION_CONDITIONS = DEBUG;
				SWIFT_OPTIMIZATION_LEVEL = "-Onone";
			};
			name = Debug;
		};
		0C35B749228D491A0015BFF6 /* Release */ = {
			isa = XCBuildConfiguration;
			buildSettings = {
				ALWAYS_SEARCH_USER_PATHS = NO;
				CLANG_ANALYZER_NONNULL = YES;
				CLANG_ANALYZER_NUMBER_OBJECT_CONVERSION = YES_AGGRESSIVE;
				CLANG_CXX_LANGUAGE_STANDARD = "gnu++14";
				CLANG_CXX_LIBRARY = "libc++";
				CLANG_ENABLE_MODULES = YES;
				CLANG_ENABLE_OBJC_ARC = YES;
				CLANG_ENABLE_OBJC_WEAK = YES;
				CLANG_WARN_BLOCK_CAPTURE_AUTORELEASING = YES;
				CLANG_WARN_BOOL_CONVERSION = YES;
				CLANG_WARN_COMMA = YES;
				CLANG_WARN_CONSTANT_CONVERSION = YES;
				CLANG_WARN_DEPRECATED_OBJC_IMPLEMENTATIONS = YES;
				CLANG_WARN_DIRECT_OBJC_ISA_USAGE = YES_ERROR;
				CLANG_WARN_DOCUMENTATION_COMMENTS = YES;
				CLANG_WARN_EMPTY_BODY = YES;
				CLANG_WARN_ENUM_CONVERSION = YES;
				CLANG_WARN_INFINITE_RECURSION = YES;
				CLANG_WARN_INT_CONVERSION = YES;
				CLANG_WARN_NON_LITERAL_NULL_CONVERSION = YES;
				CLANG_WARN_OBJC_IMPLICIT_RETAIN_SELF = YES;
				CLANG_WARN_OBJC_LITERAL_CONVERSION = YES;
				CLANG_WARN_OBJC_ROOT_CLASS = YES_ERROR;
				CLANG_WARN_RANGE_LOOP_ANALYSIS = YES;
				CLANG_WARN_STRICT_PROTOTYPES = YES;
				CLANG_WARN_SUSPICIOUS_MOVE = YES;
				CLANG_WARN_UNGUARDED_AVAILABILITY = YES_AGGRESSIVE;
				CLANG_WARN_UNREACHABLE_CODE = YES;
				CLANG_WARN__DUPLICATE_METHOD_MATCH = YES;
				CODE_SIGN_IDENTITY = "iPhone Developer";
				COPY_PHASE_STRIP = NO;
				DEBUG_INFORMATION_FORMAT = "dwarf-with-dsym";
				ENABLE_NS_ASSERTIONS = NO;
				ENABLE_STRICT_OBJC_MSGSEND = YES;
				GCC_C_LANGUAGE_STANDARD = gnu11;
				GCC_NO_COMMON_BLOCKS = YES;
				GCC_WARN_64_TO_32_BIT_CONVERSION = YES;
				GCC_WARN_ABOUT_RETURN_TYPE = YES_ERROR;
				GCC_WARN_UNDECLARED_SELECTOR = YES;
				GCC_WARN_UNINITIALIZED_AUTOS = YES_AGGRESSIVE;
				GCC_WARN_UNUSED_FUNCTION = YES;
				GCC_WARN_UNUSED_VARIABLE = YES;
				IPHONEOS_DEPLOYMENT_TARGET = 12.2;
				MTL_ENABLE_DEBUG_INFO = NO;
				MTL_FAST_MATH = YES;
				SDKROOT = iphoneos;
				SWIFT_COMPILATION_MODE = wholemodule;
				SWIFT_OPTIMIZATION_LEVEL = "-O";
				VALIDATE_PRODUCT = YES;
			};
			name = Release;
		};
		0C35B74B228D491A0015BFF6 /* Debug */ = {
			isa = XCBuildConfiguration;
			buildSettings = {
				ASSETCATALOG_COMPILER_APPICON_NAME = AppIcon;
				CODE_SIGN_STYLE = Automatic;
				INFOPLIST_FILE = "FK Motion/Info.plist";
				LD_RUNPATH_SEARCH_PATHS = (
					"$(inherited)",
					"@executable_path/Frameworks",
				);
				PRODUCT_BUNDLE_IDENTIFIER = "se.fk.sjp.FK-Motion";
				PRODUCT_NAME = "$(TARGET_NAME)";
				SWIFT_VERSION = 5.0;
				TARGETED_DEVICE_FAMILY = "1,2";
			};
			name = Debug;
		};
		0C35B74C228D491A0015BFF6 /* Release */ = {
			isa = XCBuildConfiguration;
			buildSettings = {
				ASSETCATALOG_COMPILER_APPICON_NAME = AppIcon;
				CODE_SIGN_STYLE = Automatic;
				INFOPLIST_FILE = "FK Motion/Info.plist";
				LD_RUNPATH_SEARCH_PATHS = (
					"$(inherited)",
					"@executable_path/Frameworks",
				);
				PRODUCT_BUNDLE_IDENTIFIER = "se.fk.sjp.FK-Motion";
				PRODUCT_NAME = "$(TARGET_NAME)";
				SWIFT_VERSION = 5.0;
				TARGETED_DEVICE_FAMILY = "1,2";
			};
			name = Release;
		};
		0C35B74E228D491A0015BFF6 /* Debug */ = {
			isa = XCBuildConfiguration;
			buildSettings = {
				ALWAYS_EMBED_SWIFT_STANDARD_LIBRARIES = YES;
				BUNDLE_LOADER = "$(TEST_HOST)";
				CODE_SIGN_STYLE = Automatic;
				INFOPLIST_FILE = "FK MotionTests/Info.plist";
				LD_RUNPATH_SEARCH_PATHS = (
					"$(inherited)",
					"@executable_path/Frameworks",
					"@loader_path/Frameworks",
				);
				PRODUCT_BUNDLE_IDENTIFIER = "se.fk.sjp.FK-MotionTests";
				PRODUCT_NAME = "$(TARGET_NAME)";
				SWIFT_VERSION = 5.0;
				TARGETED_DEVICE_FAMILY = "1,2";
				TEST_HOST = "$(BUILT_PRODUCTS_DIR)/FK Motion.app/FK Motion";
			};
			name = Debug;
		};
		0C35B74F228D491A0015BFF6 /* Release */ = {
			isa = XCBuildConfiguration;
			buildSettings = {
				ALWAYS_EMBED_SWIFT_STANDARD_LIBRARIES = YES;
				BUNDLE_LOADER = "$(TEST_HOST)";
				CODE_SIGN_STYLE = Automatic;
				INFOPLIST_FILE = "FK MotionTests/Info.plist";
				LD_RUNPATH_SEARCH_PATHS = (
					"$(inherited)",
					"@executable_path/Frameworks",
					"@loader_path/Frameworks",
				);
				PRODUCT_BUNDLE_IDENTIFIER = "se.fk.sjp.FK-MotionTests";
				PRODUCT_NAME = "$(TARGET_NAME)";
				SWIFT_VERSION = 5.0;
				TARGETED_DEVICE_FAMILY = "1,2";
				TEST_HOST = "$(BUILT_PRODUCTS_DIR)/FK Motion.app/FK Motion";
			};
			name = Release;
		};
		0C35B751228D491A0015BFF6 /* Debug */ = {
			isa = XCBuildConfiguration;
			buildSettings = {
				ALWAYS_EMBED_SWIFT_STANDARD_LIBRARIES = YES;
				CODE_SIGN_STYLE = Automatic;
				INFOPLIST_FILE = "FK MotionUITests/Info.plist";
				LD_RUNPATH_SEARCH_PATHS = (
					"$(inherited)",
					"@executable_path/Frameworks",
					"@loader_path/Frameworks",
				);
				PRODUCT_BUNDLE_IDENTIFIER = "se.fk.sjp.FK-MotionUITests";
				PRODUCT_NAME = "$(TARGET_NAME)";
				SWIFT_VERSION = 5.0;
				TARGETED_DEVICE_FAMILY = "1,2";
				TEST_TARGET_NAME = "FK Motion";
			};
			name = Debug;
		};
		0C35B752228D491A0015BFF6 /* Release */ = {
			isa = XCBuildConfiguration;
			buildSettings = {
				ALWAYS_EMBED_SWIFT_STANDARD_LIBRARIES = YES;
				CODE_SIGN_STYLE = Automatic;
				INFOPLIST_FILE = "FK MotionUITests/Info.plist";
				LD_RUNPATH_SEARCH_PATHS = (
					"$(inherited)",
					"@executable_path/Frameworks",
					"@loader_path/Frameworks",
				);
				PRODUCT_BUNDLE_IDENTIFIER = "se.fk.sjp.FK-MotionUITests";
				PRODUCT_NAME = "$(TARGET_NAME)";
				SWIFT_VERSION = 5.0;
				TARGETED_DEVICE_FAMILY = "1,2";
				TEST_TARGET_NAME = "FK Motion";
			};
			name = Release;
		};
/* End XCBuildConfiguration section */

/* Begin XCConfigurationList section */
		0C35B71B228D49180015BFF6 /* Build configuration list for PBXProject "FK Motion" */ = {
			isa = XCConfigurationList;
			buildConfigurations = (
				0C35B748228D491A0015BFF6 /* Debug */,
				0C35B749228D491A0015BFF6 /* Release */,
			);
			defaultConfigurationIsVisible = 0;
			defaultConfigurationName = Release;
		};
		0C35B74A228D491A0015BFF6 /* Build configuration list for PBXNativeTarget "FK Motion" */ = {
			isa = XCConfigurationList;
			buildConfigurations = (
				0C35B74B228D491A0015BFF6 /* Debug */,
				0C35B74C228D491A0015BFF6 /* Release */,
			);
			defaultConfigurationIsVisible = 0;
			defaultConfigurationName = Release;
		};
		0C35B74D228D491A0015BFF6 /* Build configuration list for PBXNativeTarget "FK MotionTests" */ = {
			isa = XCConfigurationList;
			buildConfigurations = (
				0C35B74E228D491A0015BFF6 /* Debug */,
				0C35B74F228D491A0015BFF6 /* Release */,
			);
			defaultConfigurationIsVisible = 0;
			defaultConfigurationName = Release;
		};
		0C35B750228D491A0015BFF6 /* Build configuration list for PBXNativeTarget "FK MotionUITests" */ = {
			isa = XCConfigurationList;
			buildConfigurations = (
				0C35B751228D491A0015BFF6 /* Debug */,
				0C35B752228D491A0015BFF6 /* Release */,
			);
			defaultConfigurationIsVisible = 0;
			defaultConfigurationName = Release;
		};
/* End XCConfigurationList section */
	};
	rootObject = 0C35B718228D49180015BFF6 /* Project object */;
}
